Microsoft Visual Studio Solution File, Format Version 12.00
# Visual Studio Version 17
VisualStudioVersion = 17.5.2.0
MinimumVisualStudioVersion = 10.0.40219.1
Project("{FAE04EC0-301F-11D3-BF4B-00C04F79EFBC}") = "BoardGamesStore", "BoardGamesStore.csproj", "{7D885A92-05EE-FF48-06BB-0754B8A1C397}"
EndProject
Global
	GlobalSection(SolutionConfigurationPlatforms) = preSolution
		Debug|Any CPU = Debug|Any CPU
		Release|Any CPU = Release|Any CPU
	EndGlobalSection
	GlobalSection(ProjectConfigurationPlatforms) = postSolution
		{7D885A92-05EE-FF48-06BB-0754B8A1C397}.Debug|Any CPU.ActiveCfg = Debug|Any CPU
		{7D885A92-05EE-FF48-06BB-0754B8A1C397}.Debug|Any CPU.Build.0 = Debug|Any CPU
		{7D885A92-05EE-FF48-06BB-0754B8A1C397}.Release|Any CPU.ActiveCfg = Release|Any CPU
		{7D885A92-05EE-FF48-06BB-0754B8A1C397}.Release|Any CPU.Build.0 = Release|Any CPU
	EndGlobalSection
	GlobalSection(SolutionProperties) = preSolution
		HideSolutionNode = FALSE
	EndGlobalSection
	GlobalSection(ExtensibilityGlobals) = postSolution
		SolutionGuid = {8AA6141C-4C04-407D-8618-C8582D566282}
	EndGlobalSection
EndGlobal
